// !$*UTF8*$!
{
	archiveVersion = 1;
	classes = {
	};
	objectVersion = 46;
	objects = {

/* Begin PBXBuildFile section */
		1FB755C51F542F9C00F70CB0 /* checkdiskspace.cpp in Sources */ = {isa = PBXBuildFile; fileRef = 1FB755C31F542F9C00F70CB0 /* checkdiskspace.cpp */; };
/* End PBXBuildFile section */

/* Begin PBXFileReference section */
		1FB755B71F542EC100F70CB0 /* getdiskspaceosx.bundle */ = {isa = PBXFileReference; explicitFileType = wrapper.cfbundle; includeInIndex = 0; path = getdiskspaceosx.bundle; sourceTree = BUILT_PRODUCTS_DIR; };
		1FB755BA1F542EC100F70CB0 /* Info.plist */ = {isa = PBXFileReference; lastKnownFileType = text.plist.xml; path = Info.plist; sourceTree = "<group>"; };
		1FB755C31F542F9C00F70CB0 /* checkdiskspace.cpp */ = {isa = PBXFileReference; fileEncoding = 4; lastKnownFileType = sourcecode.cpp.cpp; path = checkdiskspace.cpp; sourceTree = "<group>"; };
		1FB755C41F542F9C00F70CB0 /* checkdiskspace.hpp */ = {isa = PBXFileReference; fileEncoding = 4; lastKnownFileType = sourcecode.cpp.h; path = checkdiskspace.hpp; sourceTree = "<group>"; };
/* End PBXFileReference section */

/* Begin PBXFrameworksBuildPhase section */
		1FB755B41F542EC100F70CB0 /* Frameworks */ = {
			isa = PBXFrameworksBuildPhase;
			buildActionMask = 2147483647;
			files = (
			);
			runOnlyForDeploymentPostprocessing = 0;
		};
/* End PBXFrameworksBuildPhase section */

/* Begin PBXGroup section */
		1FB755AE1F542EC100F70CB0 = {
			isa = PBXGroup;
			children = (
				1FB755B91F542EC100F70CB0 /* getdiskspaceosx */,
				1FB755B81F542EC100F70CB0 /* Products */,
			);
			sourceTree = "<group>";
		};
		1FB755B81F542EC100F70CB0 /* Products */ = {
			isa = PBXGroup;
			children = (
				1FB755B71F542EC100F70CB0 /* getdiskspaceosx.bundle */,
			);
			name = Products;
			sourceTree = "<group>";
		};
		1FB755B91F542EC100F70CB0 /* getdiskspaceosx */ = {
			isa = PBXGroup;
			children = (
				1FB755C31F542F9C00F70CB0 /* checkdiskspace.cpp */,
				1FB755C41F542F9C00F70CB0 /* checkdiskspace.hpp */,
				1FB755BA1F542EC100F70CB0 /* Info.plist */,
			);
			path = getdiskspaceosx;
			sourceTree = "<group>";
		};
/* End PBXGroup section */

/* Begin PBXNativeTarget section */
		1FB755B61F542EC100F70CB0 /* getdiskspaceosx */ = {
			isa = PBXNativeTarget;
			buildConfigurationList = 1FB755BD1F542EC100F70CB0 /* Build configuration list for PBXNativeTarget "getdiskspaceosx" */;
			buildPhases = (
				1FB755B31F542EC100F70CB0 /* Sources */,
				1FB755B41F542EC100F70CB0 /* Frameworks */,
				1FB755B51F542EC100F70CB0 /* Resources */,
			);
			buildRules = (
			);
			dependencies = (
			);
			name = getdiskspaceosx;
			productName = getdiskspaceosx;
			productReference = 1FB755B71F542EC100F70CB0 /* getdiskspaceosx.bundle */;
			productType = "com.apple.product-type.bundle";
		};
/* End PBXNativeTarget section */

/* Begin PBXProject section */
		1FB755AF1F542EC100F70CB0 /* Project object */ = {
			isa = PBXProject;
			attributes = {
				LastUpgradeCheck = 0820;
				ORGANIZATIONNAME = PatchKit;
				TargetAttributes = {
					1FB755B61F542EC100F70CB0 = {
						CreatedOnToolsVersion = 8.2.1;
						ProvisioningStyle = Automatic;
					};
				};
			};
			buildConfigurationList = 1FB755B21F542EC100F70CB0 /* Build configuration list for PBXProject "getdiskspaceosx" */;
			compatibilityVersion = "Xcode 3.2";
			developmentRegion = English;
			hasScannedForEncodings = 0;
			knownRegions = (
				en,
			);
			mainGroup = 1FB755AE1F542EC100F70CB0;
			productRefGroup = 1FB755B81F542EC100F70CB0 /* Products */;
			projectDirPath = "";
			projectRoot = "";
			targets = (
				1FB755B61F542EC100F70CB0 /* getdiskspaceosx */,
			);
		};
/* End PBXProject section */

/* Begin PBXResourcesBuildPhase section */
		1FB755B51F542EC100F70CB0 /* Resources */ = {
			isa = PBXResourcesBuildPhase;
			buildActionMask = 2147483647;
			files = (
			);
			runOnlyForDeploymentPostprocessing = 0;
		};
/* End PBXResourcesBuildPhase section */

/* Begin PBXSourcesBuildPhase section */
		1FB755B31F542EC100F70CB0 /* Sources */ = {
			isa = PBXSourcesBuildPhase;
			buildActionMask = 2147483647;
			files = (
				1FB755C51F542F9C00F70CB0 /* checkdiskspace.cpp in Sources */,
			);
			runOnlyForDeploymentPostprocessing = 0;
		};
/* End PBXSourcesBuildPhase section */

/* Begin XCBuildConfiguration section */
		1FB755BB1F542EC100F70CB0 /* Debug */ = {
			isa = XCBuildConfiguration;
			buildSettings = {
				ALWAYS_SEARCH_USER_PATHS = NO;
				CLANG_ANALYZER_NONNULL = YES;
				CLANG_CXX_LANGUAGE_STANDARD = "gnu++0x";
				CLANG_CXX_LIBRARY = "libc++";
				CLANG_ENABLE_MODULES = YES;
				CLANG_ENABLE_OBJC_ARC = YES;
				CLANG_WARN_BOOL_CONVERSION = YES;
				CLANG_WARN_CONSTANT_CONVERSION = YES;
				CLANG_WARN_DIRECT_OBJC_ISA_USAGE = YES_ERROR;
				CLANG_WARN_DOCUMENTATION_COMMENTS = YES;
				CLANG_WARN_EMPTY_BODY = YES;
				CLANG_WARN_ENUM_CONVERSION = YES;
				CLANG_WARN_INFINITE_RECURSION = YES;
				CLANG_WARN_INT_CONVERSION = YES;
				CLANG_WARN_OBJC_ROOT_CLASS = YES_ERROR;
				CLANG_WARN_SUSPICIOUS_MOVE = YES;
				CLANG_WARN_UNREACHABLE_CODE = YES;
				CLANG_WARN__DUPLICATE_METHOD_MATCH = YES;
				CODE_SIGN_IDENTITY = "-";
				COPY_PHASE_STRIP = NO;
				DEBUG_INFORMATION_FORMAT = dwarf;
				ENABLE_STRICT_OBJC_MSGSEND = YES;
				ENABLE_TESTABILITY = YES;
				GCC_C_LANGUAGE_STANDARD = gnu99;
				GCC_DYNAMIC_NO_PIC = NO;
				GCC_NO_COMMON_BLOCKS = YES;
				GCC_OPTIMIZATION_LEVEL = 0;
				GCC_PREPROCESSOR_DEFINITIONS = (
					"DEBUG=1",
					"$(inherited)",
				);
				GCC_WARN_64_TO_32_BIT_CONVERSION = YES;
				GCC_WARN_ABOUT_RETURN_TYPE = YES_ERROR;
				GCC_WARN_UNDECLARED_SELECTOR = YES;
				GCC_WARN_UNINITIALIZED_AUTOS = YES_AGGRESSIVE;
				GCC_WARN_UNUSED_FUNCTION = YES;
				GCC_WARN_UNUSED_VARIABLE = YES;
				MACOSX_DEPLOYMENT_TARGET = 10.12;
				MTL_ENABLE_DEBUG_INFO = YES;
				ONLY_ACTIVE_ARCH = YES;
				SDKROOT = macosx;
			};
			name = Debug;
		};
		1FB755BC1F542EC100F70CB0 /* Release */ = {
			isa = XCBuildConfiguration;
			buildSettings = {
				ALWAYS_SEARCH_USER_PATHS = NO;
				CLANG_ANALYZER_NONNULL = YES;
				CLANG_CXX_LANGUAGE_STANDARD = "gnu++0x";
				CLANG_CXX_LIBRARY = "libc++";
				CLANG_ENABLE_MODULES = YES;
				CLANG_ENABLE_OBJC_ARC = YES;
				CLANG_WARN_BOOL_CONVERSION = YES;
				CLANG_WARN_CONSTANT_CONVERSION = YES;
				CLANG_WARN_DIRECT_OBJC_ISA_USAGE = YES_ERROR;
				CLANG_WARN_DOCUMENTATION_COMMENTS = YES;
				CLANG_WARN_EMPTY_BODY = YES;
				CLANG_WARN_ENUM_CONVERSION = YES;
				CLANG_WARN_INFINITE_RECURSION = YES;
				CLANG_WARN_INT_CONVERSION = YES;
				CLANG_WARN_OBJC_ROOT_CLASS = YES_ERROR;
				CLANG_WARN_SUSPICIOUS_MOVE = YES;
				CLANG_WARN_UNREACHABLE_CODE = YES;
				CLANG_WARN__DUPLICATE_METHOD_MATCH = YES;
				CODE_SIGN_IDENTITY = "-";
				COPY_PHASE_STRIP = NO;
				DEBUG_INFORMATION_FORMAT = "dwarf-with-dsym";
				ENABLE_NS_ASSERTIONS = NO;
				ENABLE_STRICT_OBJC_MSGSEND = YES;
				GCC_C_LANGUAGE_STANDARD = gnu99;
				GCC_NO_COMMON_BLOCKS = YES;
				GCC_WARN_64_TO_32_BIT_CONVERSION = YES;
				GCC_WARN_ABOUT_RETURN_TYPE = YES_ERROR;
				GCC_WARN_UNDECLARED_SELECTOR = YES;
				GCC_WARN_UNINITIALIZED_AUTOS = YES_AGGRESSIVE;
				GCC_WARN_UNUSED_FUNCTION = YES;
				GCC_WARN_UNUSED_VARIABLE = YES;
				MACOSX_DEPLOYMENT_TARGET = 10.12;
				MTL_ENABLE_DEBUG_INFO = NO;
				SDKROOT = macosx;
			};
			name = Release;
		};
		1FB755BE1F542EC100F70CB0 /* Debug */ = {
			isa = XCBuildConfiguration;
			buildSettings = {
				COMBINE_HIDPI_IMAGES = YES;
				DEPLOYMENT_LOCATION = YES;
				DSTROOT = "$(PROJECT_DIR)/../Assets/Plugins/PatchKit/";
				INFOPLIST_FILE = getdiskspaceosx/Info.plist;
				INSTALL_PATH = /x86_64;
				PRODUCT_BUNDLE_IDENTIFIER = net.patchkit.getdiskspaceosx;
				PRODUCT_NAME = "$(TARGET_NAME)";
				SKIP_INSTALL = NO;
				WRAPPER_EXTENSION = bundle;
			};
			name = Debug;
		};
		1FB755BF1F542EC100F70CB0 /* Release */ = {
			isa = XCBuildConfiguration;
			buildSettings = {
				COMBINE_HIDPI_IMAGES = YES;
				DEPLOYMENT_LOCATION = YES;
				DSTROOT = "$(PROJECT_DIR)/../Assets/Plugins/PatchKit/";
				INFOPLIST_FILE = getdiskspaceosx/Info.plist;
				INSTALL_PATH = /x86_64;
				PRODUCT_BUNDLE_IDENTIFIER = net.patchkit.getdiskspaceosx;
				PRODUCT_NAME = "$(TARGET_NAME)";
				SKIP_INSTALL = NO;
				WRAPPER_EXTENSION = bundle;
			};
			name = Release;
		};
/* End XCBuildConfiguration section */

/* Begin XCConfigurationList section */
		1FB755B21F542EC100F70CB0 /* Build configuration list for PBXProject "getdiskspaceosx" */ = {
			isa = XCConfigurationList;
			buildConfigurations = (
				1FB755BB1F542EC100F70CB0 /* Debug */,
				1FB755BC1F542EC100F70CB0 /* Release */,
			);
			defaultConfigurationIsVisible = 0;
			defaultConfigurationName = Release;
		};
		1FB755BD1F542EC100F70CB0 /* Build configuration list for PBXNativeTarget "getdiskspaceosx" */ = {
			isa = XCConfigurationList;
			buildConfigurations = (
				1FB755BE1F542EC100F70CB0 /* Debug */,
				1FB755BF1F542EC100F70CB0 /* Release */,
			);
			defaultConfigurationIsVisible = 0;
			defaultConfigurationName = Release;
		};
/* End XCConfigurationList section */
	};
	rootObject = 1FB755AF1F542EC100F70CB0 /* Project object */;
}
